
Microsoft Visual Studio Solution File, Format Version 12.00
# Visual Studio Version 16
VisualStudioVersion = 16.0.32228.343
MinimumVisualStudioVersion = 10.0.40219.1
Project("{FAE04EC0-301F-11D3-BF4B-00C04F79EFBC}") = "MessageBox", "MessageBox\MessageBox.csproj", "{640B337D-A2B6-425F-B9FD-A01D82A69709}"
EndProject
Global
	GlobalSection(SolutionConfigurationPlatforms) = preSolution
		Debug|Any CPU = Debug|Any CPU
		Release|Any CPU = Release|Any CPU
	EndGlobalSection
	GlobalSection(ProjectConfigurationPlatforms) = postSolution
		{640B337D-A2B6-425F-B9FD-A01D82A69709}.Debug|Any CPU.ActiveCfg = Debug|Any CPU
		{640B337D-A2B6-425F-B9FD-A01D82A69709}.Debug|Any CPU.Build.0 = Debug|Any CPU
		{640B337D-A2B6-425F-B9FD-A01D82A69709}.Release|Any CPU.ActiveCfg = Release|Any CPU
		{640B337D-A2B6-425F-B9FD-A01D82A69709}.Release|Any CPU.Build.0 = Release|Any CPU
	EndGlobalSection
	GlobalSection(SolutionProperties) = preSolution
		HideSolutionNode = FALSE
	EndGlobalSection
	GlobalSection(ExtensibilityGlobals) = postSolution
		SolutionGuid = {235775E2-5951-40E0-84EB-D8A181634770}
	EndGlobalSection
EndGlobal
